# THIS IS AN AUTOGENERATED FILE. DO NOT EDIT THIS FILE DIRECTLY.
# yarn lockfile v1


"@swc/core-android-arm-eabi@1.2.175":
  version "1.2.175"
  resolved "https://registry.npmmirror.com/@swc/core-android-arm-eabi/-/core-android-arm-eabi-1.2.175.tgz#d1d0f521cac96826344f7294b86e1d35d49f626e"
  integrity sha512-Uyg19XdczD1IrZe4IZO4qzZ3HCp8MynSCBvtkbyeM2ok7UGse/KjeP+giYEHvock3cvVVkPVaOKoU2gVGhkm7A==

"@swc/core-android-arm64@1.2.175":
  version "1.2.175"
  resolved "https://registry.npmmirror.com/@swc/core-android-arm64/-/core-android-arm64-1.2.175.tgz#cfeb50fc2f48c707cb57630bd849bd4ac2eb4958"
  integrity sha512-fov7p47Eq2fAj/zZOfNicTkOO3ILblxJMMUPeTHEMsQ4DTFr3SgjZjWKxHiMwiWxitLGR2YoTdCUs1qWcGALcQ==

"@swc/core-darwin-arm64@1.2.175":
  version "1.2.175"
  resolved "https://registry.npmmirror.com/@swc/core-darwin-arm64/-/core-darwin-arm64-1.2.175.tgz#fa9cdc11556485edd482c48f33125244f703457c"
  integrity sha512-Rht5U9gDBiVoF3nTOySv2as5TJ+rkBB0ZtY4kG57wJGPet9dQtm3yZsxUSz6EYlo4pRTtXmd+PvMnfmgFwddUA==

"@swc/core-darwin-x64@1.2.175":
  version "1.2.175"
  resolved "https://registry.npmmirror.com/@swc/core-darwin-x64/-/core-darwin-x64-1.2.175.tgz#3f8e005406938390fc5f8d083e9d0e06ab6907b1"
  integrity sha512-W+EMt9Cwusl8bmEwrR3WO6XO3OEXp6D1pTUzPCS5aoESEAmuKtTiTuhUQYhz2KZpJOdWYm4HxPn/UewRxi6cjA==

"@swc/core-freebsd-x64@1.2.175":
  version "1.2.175"
  resolved "https://registry.npmmirror.com/@swc/core-freebsd-x64/-/core-freebsd-x64-1.2.175.tgz#155998066ee993cc4329adce5d3f7fe45ffa5039"
  integrity sha512-fK0HFGYBLInelyKu2Ze/jv3wzaUw6gq5xRL1zf2ZpwEBy92MkuxFixplSxnO7J9gEL7tR8JCpRYm9ir60Wtfgw==

"@swc/core-linux-arm-gnueabihf@1.2.175":
  version "1.2.175"
  resolved "https://registry.npmmirror.com/@swc/core-linux-arm-gnueabihf/-/core-linux-arm-gnueabihf-1.2.175.tgz#5678881d8ee007909a153e0f85694e09d0bfe9b4"
  integrity sha512-voAk62+IRz+tEdL1xsxgwxfNxAmYPCqbgIh1YDFHhWhAnPjJIX0RGEatqCTLwM1lOObLtPs1JPLpvm6sa5JfEg==

"@swc/core-linux-arm64-gnu@1.2.175":
  version "1.2.175"
  resolved "https://registry.npmmirror.com/@swc/core-linux-arm64-gnu/-/core-linux-arm64-gnu-1.2.175.tgz#6e6517b1f8bb6e2b825f57c943a2389289416d17"
  integrity sha512-TjJDnycH0rTY9DIowLVEP+X8Ll6P60LbUzd+yGq9UV9uGv7kB65Kf7LSLteYXDLHP34JPqyqh6O7GeGB4jiEEw==

"@swc/core-linux-arm64-musl@1.2.175":
  version "1.2.175"
  resolved "https://registry.npmmirror.com/@swc/core-linux-arm64-musl/-/core-linux-arm64-musl-1.2.175.tgz#3c7d3743495bdee353e8e8007e09971f1e58a8dd"
  integrity sha512-FH/yetoJPKBJHGYsu5iBMU382TEXZWhCToJA5iYqXcjye9WqR5Ss2qA2bQtikWGxFNKeNv8yCfGfesUpg7Edzg==

"@swc/core-linux-x64-gnu@1.2.175":
  version "1.2.175"
  resolved "https://registry.npmmirror.com/@swc/core-linux-x64-gnu/-/core-linux-x64-gnu-1.2.175.tgz#70b910ca96237f8839c39c990400e6afa5356363"
  integrity sha512-vdFFRpayifouqu9T+UPuWrxfERABaBDkB+CxUNrWgxE+iOJZCCPl6eFyWEqkVhjPnlmD2aHaVtzeyweIewEh4w==

"@swc/core-linux-x64-musl@1.2.175":
  version "1.2.175"
  resolved "https://registry.npmmirror.com/@swc/core-linux-x64-musl/-/core-linux-x64-musl-1.2.175.tgz#c4dd70c1b9bac2be5f0f0b3f9cb2705e3e5f8595"
  integrity sha512-eNgC//N7IJ40HQjSKhi7xPh7mMmK9ks9KAXzVbs+BTXvEXZV/L8753uC6B19FY9UEs27e6sXUG60kEoqtCfH5w==

"@swc/core-win32-arm64-msvc@1.2.175":
  version "1.2.175"
  resolved "https://registry.npmmirror.com/@swc/core-win32-arm64-msvc/-/core-win32-arm64-msvc-1.2.175.tgz#82522910f5e8131fef705896221b2e3353cfbddf"
  integrity sha512-eOrRfB7eRFMmXBqQ4J50hN4Xu8PsaV4G51oUuhnYZFR5hVnzEjVYHWPCCNxq5DEwBIXDGUa5JbJ0y1e05wLQyw==

"@swc/core-win32-ia32-msvc@1.2.175":
  version "1.2.175"
  resolved "https://registry.npmmirror.com/@swc/core-win32-ia32-msvc/-/core-win32-ia32-msvc-1.2.175.tgz#83ed24c40a55cc572260dc67c21f400d741b897d"
  integrity sha512-Zr7mdjGiJLWv0a4eczfb8gPSLjrAy/MZWwWUY1gDnA8GeWP9dE/tiqnrMNg4bqXuuZmqLBPEC3hybRuQuWtzBA==

"@swc/core-win32-x64-msvc@1.2.175":
  version "1.2.175"
  resolved "https://registry.npmmirror.com/@swc/core-win32-x64-msvc/-/core-win32-x64-msvc-1.2.175.tgz#1c7ae0d2120fb180b04cd0f72cc7f182533d606b"
  integrity sha512-Vx1AwLcbqjEkEhtRmCIdU3SoDp9Mi+fJv0mLgQ33SsZG1QPkTfn4bq4Vu9wJE+D0Em7lPmRiZpdsvx0G7oBH5A==

"@swc/core@^1.2.147":
  version "1.2.175"
  resolved "https://registry.npmmirror.com/@swc/core/-/core-1.2.175.tgz#bc39fa8e4fd62b88832cbcc2dfd6d5df32b5d15b"
  integrity sha512-CCLr8qV0sGsiWnN7xqmmNwqnGlBg3CKZc5+EKIxSWjRAExRV1rFLejW2aesBn2RRyKZRpnwEyOk/GFxjsKBxzw==
  optionalDependencies:
    "@swc/core-android-arm-eabi" "1.2.175"
    "@swc/core-android-arm64" "1.2.175"
    "@swc/core-darwin-arm64" "1.2.175"
    "@swc/core-darwin-x64" "1.2.175"
    "@swc/core-freebsd-x64" "1.2.175"
    "@swc/core-linux-arm-gnueabihf" "1.2.175"
    "@swc/core-linux-arm64-gnu" "1.2.175"
    "@swc/core-linux-arm64-musl" "1.2.175"
    "@swc/core-linux-x64-gnu" "1.2.175"
    "@swc/core-linux-x64-musl" "1.2.175"
    "@swc/core-win32-arm64-msvc" "1.2.175"
    "@swc/core-win32-ia32-msvc" "1.2.175"
    "@swc/core-win32-x64-msvc" "1.2.175"

esbuild-android-64@0.14.38:
  version "0.14.38"
  resolved "https://registry.npmmirror.com/esbuild-android-64/-/esbuild-android-64-0.14.38.tgz#5b94a1306df31d55055f64a62ff6b763a47b7f64"
  integrity sha512-aRFxR3scRKkbmNuGAK+Gee3+yFxkTJO/cx83Dkyzo4CnQl/2zVSurtG6+G86EQIZ+w+VYngVyK7P3HyTBKu3nw==

esbuild-android-arm64@0.14.38:
  version "0.14.38"
  resolved "https://registry.npmmirror.com/esbuild-android-arm64/-/esbuild-android-arm64-0.14.38.tgz#78acc80773d16007de5219ccce544c036abd50b8"
  integrity sha512-L2NgQRWuHFI89IIZIlpAcINy9FvBk6xFVZ7xGdOwIm8VyhX1vNCEqUJO3DPSSy945Gzdg98cxtNt8Grv1CsyhA==

esbuild-darwin-64@0.14.38:
  version "0.14.38"
  resolved "https://registry.npmmirror.com/esbuild-darwin-64/-/esbuild-darwin-64-0.14.38.tgz#e02b1291f629ebdc2aa46fabfacc9aa28ff6aa46"
  integrity sha512-5JJvgXkX87Pd1Og0u/NJuO7TSqAikAcQQ74gyJ87bqWRVeouky84ICoV4sN6VV53aTW+NE87qLdGY4QA2S7KNA==

esbuild-darwin-arm64@0.14.38:
  version "0.14.38"
  resolved "https://registry.npmmirror.com/esbuild-darwin-arm64/-/esbuild-darwin-arm64-0.14.38.tgz#01eb6650ec010b18c990e443a6abcca1d71290a9"
  integrity sha512-eqF+OejMI3mC5Dlo9Kdq/Ilbki9sQBw3QlHW3wjLmsLh+quNfHmGMp3Ly1eWm981iGBMdbtSS9+LRvR2T8B3eQ==

esbuild-freebsd-64@0.14.38:
  version "0.14.38"
  resolved "https://registry.npmmirror.com/esbuild-freebsd-64/-/esbuild-freebsd-64-0.14.38.tgz#790b8786729d4aac7be17648f9ea8e0e16475b5e"
  integrity sha512-epnPbhZUt93xV5cgeY36ZxPXDsQeO55DppzsIgWM8vgiG/Rz+qYDLmh5ts3e+Ln1wA9dQ+nZmVHw+RjaW3I5Ig==

esbuild-freebsd-arm64@0.14.38:
  version "0.14.38"
  resolved "https://registry.npmmirror.com/esbuild-freebsd-arm64/-/esbuild-freebsd-arm64-0.14.38.tgz#b66340ab28c09c1098e6d9d8ff656db47d7211e6"
  integrity sha512-/9icXUYJWherhk+y5fjPI5yNUdFPtXHQlwP7/K/zg8t8lQdHVj20SqU9/udQmeUo5pDFHMYzcEFfJqgOVeKNNQ==

esbuild-linux-32@0.14.38:
  version "0.14.38"
  resolved "https://registry.npmmirror.com/esbuild-linux-32/-/esbuild-linux-32-0.14.38.tgz#7927f950986fd39f0ff319e92839455912b67f70"
  integrity sha512-QfgfeNHRFvr2XeHFzP8kOZVnal3QvST3A0cgq32ZrHjSMFTdgXhMhmWdKzRXP/PKcfv3e2OW9tT9PpcjNvaq6g==

esbuild-linux-64@0.14.38:
  version "0.14.38"
  resolved "https://registry.npmmirror.com/esbuild-linux-64/-/esbuild-linux-64-0.14.38.tgz#4893d07b229d9cfe34a2b3ce586399e73c3ac519"
  integrity sha512-uuZHNmqcs+Bj1qiW9k/HZU3FtIHmYiuxZ/6Aa+/KHb/pFKr7R3aVqvxlAudYI9Fw3St0VCPfv7QBpUITSmBR1Q==

esbuild-linux-arm64@0.14.38:
  version "0.14.38"
  resolved "https://registry.npmmirror.com/esbuild-linux-arm64/-/esbuild-linux-arm64-0.14.38.tgz#8442402e37d0b8ae946ac616784d9c1a2041056a"
  integrity sha512-HlMGZTEsBrXrivr64eZ/EO0NQM8H8DuSENRok9d+Jtvq8hOLzrxfsAT9U94K3KOGk2XgCmkaI2KD8hX7F97lvA==

esbuild-linux-arm@0.14.38:
  version "0.14.38"
  resolved "https://registry.npmmirror.com/esbuild-linux-arm/-/esbuild-linux-arm-0.14.38.tgz#d5dbf32d38b7f79be0ec6b5fb2f9251fd9066986"
  integrity sha512-FiFvQe8J3VKTDXG01JbvoVRXQ0x6UZwyrU4IaLBZeq39Bsbatd94Fuc3F1RGqPF5RbIWW7RvkVQjn79ejzysnA==

esbuild-linux-mips64le@0.14.38:
  version "0.14.38"
  resolved "https://registry.npmmirror.com/esbuild-linux-mips64le/-/esbuild-linux-mips64le-0.14.38.tgz#95081e42f698bbe35d8ccee0e3a237594b337eb5"
  integrity sha512-qd1dLf2v7QBiI5wwfil9j0HG/5YMFBAmMVmdeokbNAMbcg49p25t6IlJFXAeLzogv1AvgaXRXvgFNhScYEUXGQ==

esbuild-linux-ppc64le@0.14.38:
  version "0.14.38"
  resolved "https://registry.npmmirror.com/esbuild-linux-ppc64le/-/esbuild-linux-ppc64le-0.14.38.tgz#dceb0a1b186f5df679618882a7990bd422089b47"
  integrity sha512-mnbEm7o69gTl60jSuK+nn+pRsRHGtDPfzhrqEUXyCl7CTOCLtWN2bhK8bgsdp6J/2NyS/wHBjs1x8aBWwP2X9Q==

esbuild-linux-riscv64@0.14.38:
  version "0.14.38"
  resolved "https://registry.npmmirror.com/esbuild-linux-riscv64/-/esbuild-linux-riscv64-0.14.38.tgz#61fb8edb75f475f9208c4a93ab2bfab63821afd2"
  integrity sha512-+p6YKYbuV72uikChRk14FSyNJZ4WfYkffj6Af0/Tw63/6TJX6TnIKE+6D3xtEc7DeDth1fjUOEqm+ApKFXbbVQ==

esbuild-linux-s390x@0.14.38:
  version "0.14.38"
  resolved "https://registry.npmmirror.com/esbuild-linux-s390x/-/esbuild-linux-s390x-0.14.38.tgz#34c7126a4937406bf6a5e69100185fd702d12fe0"
  integrity sha512-0zUsiDkGJiMHxBQ7JDU8jbaanUY975CdOW1YDrurjrM0vWHfjv9tLQsW9GSyEb/heSK1L5gaweRjzfUVBFoybQ==

esbuild-netbsd-64@0.14.38:
  version "0.14.38"
  resolved "https://registry.npmmirror.com/esbuild-netbsd-64/-/esbuild-netbsd-64-0.14.38.tgz#322ea9937d9e529183ee281c7996b93eb38a5d95"
  integrity sha512-cljBAApVwkpnJZfnRVThpRBGzCi+a+V9Ofb1fVkKhtrPLDYlHLrSYGtmnoTVWDQdU516qYI8+wOgcGZ4XIZh0Q==

esbuild-openbsd-64@0.14.38:
  version "0.14.38"
  resolved "https://registry.npmmirror.com/esbuild-openbsd-64/-/esbuild-openbsd-64-0.14.38.tgz#1ca29bb7a2bf09592dcc26afdb45108f08a2cdbd"
  integrity sha512-CDswYr2PWPGEPpLDUO50mL3WO/07EMjnZDNKpmaxUPsrW+kVM3LoAqr/CE8UbzugpEiflYqJsGPLirThRB18IQ==

esbuild-sunos-64@0.14.38:
  version "0.14.38"
  resolved "https://registry.npmmirror.com/esbuild-sunos-64/-/esbuild-sunos-64-0.14.38.tgz#c9446f7d8ebf45093e7bb0e7045506a88540019b"
  integrity sha512-2mfIoYW58gKcC3bck0j7lD3RZkqYA7MmujFYmSn9l6TiIcAMpuEvqksO+ntBgbLep/eyjpgdplF7b+4T9VJGOA==

esbuild-windows-32@0.14.38:
  version "0.14.38"
  resolved "https://registry.npmmirror.com/esbuild-windows-32/-/esbuild-windows-32-0.14.38.tgz#f8e9b4602fd0ccbd48e5c8d117ec0ba4040f2ad1"
  integrity sha512-L2BmEeFZATAvU+FJzJiRLFUP+d9RHN+QXpgaOrs2klshoAm1AE6Us4X6fS9k33Uy5SzScn2TpcgecbqJza1Hjw==

esbuild-windows-64@0.14.38:
  version "0.14.38"
  resolved "https://registry.npmmirror.com/esbuild-windows-64/-/esbuild-windows-64-0.14.38.tgz#280f58e69f78535f470905ce3e43db1746518107"
  integrity sha512-Khy4wVmebnzue8aeSXLC+6clo/hRYeNIm0DyikoEqX+3w3rcvrhzpoix0S+MF9vzh6JFskkIGD7Zx47ODJNyCw==

esbuild-windows-arm64@0.14.38:
  version "0.14.38"
  resolved "https://registry.npmmirror.com/esbuild-windows-arm64/-/esbuild-windows-arm64-0.14.38.tgz#d97e9ac0f95a4c236d9173fa9f86c983d6a53f54"
  integrity sha512-k3FGCNmHBkqdJXuJszdWciAH77PukEyDsdIryEHn9cKLQFxzhT39dSumeTuggaQcXY57UlmLGIkklWZo2qzHpw==

esbuild@^0.14.27:
  version "0.14.38"
  resolved "https://registry.npmmirror.com/esbuild/-/esbuild-0.14.38.tgz#99526b778cd9f35532955e26e1709a16cca2fb30"
  integrity sha512-12fzJ0fsm7gVZX1YQ1InkOE5f9Tl7cgf6JPYXRJtPIoE0zkWAbHdPHVPPaLi9tYAcEBqheGzqLn/3RdTOyBfcA==
  optionalDependencies:
    esbuild-android-64 "0.14.38"
    esbuild-android-arm64 "0.14.38"
    esbuild-darwin-64 "0.14.38"
    esbuild-darwin-arm64 "0.14.38"
    esbuild-freebsd-64 "0.14.38"
    esbuild-freebsd-arm64 "0.14.38"
    esbuild-linux-32 "0.14.38"
    esbuild-linux-64 "0.14.38"
    esbuild-linux-arm "0.14.38"
    esbuild-linux-arm64 "0.14.38"
    esbuild-linux-mips64le "0.14.38"
    esbuild-linux-ppc64le "0.14.38"
    esbuild-linux-riscv64 "0.14.38"
    esbuild-linux-s390x "0.14.38"
    esbuild-netbsd-64 "0.14.38"
    esbuild-openbsd-64 "0.14.38"
    esbuild-sunos-64 "0.14.38"
    esbuild-windows-32 "0.14.38"
    esbuild-windows-64 "0.14.38"
    esbuild-windows-arm64 "0.14.38"

fsevents@~2.3.2:
  version "2.3.2"
  resolved "https://registry.npmmirror.com/fsevents/-/fsevents-2.3.2.tgz#8a526f78b8fdf4623b709e0b975c52c24c02fd1a"
  integrity sha512-xiqMQR4xAeHTuB9uWm+fFRcIOgKBMiOBP+eXiyT7jsgVCq1bkVygt00oASowB7EdtpOHaaPgKt812P9ab+DDKA==

function-bind@^1.1.1:
  version "1.1.1"
  resolved "https://registry.npmmirror.com/function-bind/-/function-bind-1.1.1.tgz#a56899d3ea3c9bab874bb9773b7c5ede92f4895d"
  integrity sha512-yIovAzMX49sF8Yl58fSCWJ5svSLuaibPxXQJFLmBObTuCr0Mf1KiPopGM9NiFjiYBCbfaa2Fh6breQ6ANVTI0A==

has@^1.0.3:
  version "1.0.3"
  resolved "https://registry.npmmirror.com/has/-/has-1.0.3.tgz#722d7cbfc1f6aa8241f16dd814e011e1f41e8796"
  integrity sha512-f2dvO0VU6Oej7RkWJGrehjbzMAjFp5/VKPp5tTpWIV4JHHZK1/BxbFRtf/siA2SWTe09caDmVtYYzWEIbBS4zw==
  dependencies:
    function-bind "^1.1.1"

is-core-module@^2.8.1:
  version "2.9.0"
  resolved "https://registry.npmmirror.com/is-core-module/-/is-core-module-2.9.0.tgz#e1c34429cd51c6dd9e09e0799e396e27b19a9c69"
  integrity sha512-+5FPy5PnwmO3lvfMb0AsoPaBG+5KHUI0wYFXOtYPnVVVspTFUuMZNfNaNVRt3FZadstu2c8x23vykRW/NBoU6A==
  dependencies:
    has "^1.0.3"

nanoid@^3.3.3:
  version "3.3.3"
  resolved "https://registry.npmmirror.com/nanoid/-/nanoid-3.3.3.tgz#fd8e8b7aa761fe807dba2d1b98fb7241bb724a25"
  integrity sha512-p1sjXuopFs0xg+fPASzQ28agW1oHD7xDsd9Xkf3T15H3c/cifrFHVwrh74PdoklAPi+i7MdRsE47vm2r6JoB+w==

path-parse@^1.0.7:
  version "1.0.7"
  resolved "https://registry.npmmirror.com/path-parse/-/path-parse-1.0.7.tgz#fbc114b60ca42b30d9daf5858e4bd68bbedb6735"
  integrity sha512-LDJzPVEEEPR+y48z93A0Ed0yXb8pAByGWo/k5YYdYgpY2/2EsOsksJrq7lOHxryrVOn1ejG6oAp8ahvOIQD8sw==

picocolors@^1.0.0:
  version "1.0.0"
  resolved "https://registry.npmmirror.com/picocolors/-/picocolors-1.0.0.tgz#cb5bdc74ff3f51892236eaf79d68bc44564ab81c"
  integrity sha512-1fygroTLlHu66zi26VoTDv8yRgm0Fccecssto+MhsZ0D/DGW2sm8E8AjW7NU5VVTRt5GxbeZ5qBuJr+HyLYkjQ==

postcss@^8.4.12:
  version "8.4.13"
  resolved "https://registry.npmmirror.com/postcss/-/postcss-8.4.13.tgz#7c87bc268e79f7f86524235821dfdf9f73e5d575"
  integrity sha512-jtL6eTBrza5MPzy8oJLFuUscHDXTV5KcLlqAWHl5q5WYRfnNRGSmOZmOZ1T6Gy7A99mOZfqungmZMpMmCVJ8ZA==
  dependencies:
    nanoid "^3.3.3"
    picocolors "^1.0.0"
    source-map-js "^1.0.2"

prettier@^2.6.2:
  version "2.6.2"
  resolved "https://registry.npmmirror.com/prettier/-/prettier-2.6.2.tgz#e26d71a18a74c3d0f0597f55f01fb6c06c206032"
  integrity sha512-PkUpF+qoXTqhOeWL9fu7As8LXsIUZ1WYaJiY/a7McAQzxjk82OF0tibkFXVCDImZtWxbvojFjerkiLb0/q8mew==

resolve@^1.22.0:
  version "1.22.0"
  resolved "https://registry.npmmirror.com/resolve/-/resolve-1.22.0.tgz#5e0b8c67c15df57a89bdbabe603a002f21731198"
  integrity sha512-Hhtrw0nLeSrFQ7phPp4OOcVjLPIeMnRlr5mcnVuMe7M/7eBn98A3hmFRLoFo3DLZkivSYwhRUJTyPyWAk56WLw==
  dependencies:
    is-core-module "^2.8.1"
    path-parse "^1.0.7"
    supports-preserve-symlinks-flag "^1.0.0"

rollup@^2.59.0:
  version "2.71.1"
  resolved "https://registry.npmmirror.com/rollup/-/rollup-2.71.1.tgz#82b259af7733dfd1224a8171013aaaad02971a22"
  integrity sha512-lMZk3XfUBGjrrZQpvPSoXcZSfKcJ2Bgn+Z0L1MoW2V8Wh7BVM+LOBJTPo16yul2MwL59cXedzW1ruq3rCjSRgw==
  optionalDependencies:
    fsevents "~2.3.2"

source-map-js@^1.0.2:
  version "1.0.2"
  resolved "https://registry.npmmirror.com/source-map-js/-/source-map-js-1.0.2.tgz#adbc361d9c62df380125e7f161f71c826f1e490c"
  integrity sha512-R0XvVJ9WusLiqTCEiGCmICCMplcCkIwwR11mOSD9CR5u+IXYdiseeEuXCVAjS54zqwkLcPNnmU4OeJ6tUrWhDw==

supports-preserve-symlinks-flag@^1.0.0:
  version "1.0.0"
  resolved "https://registry.npmmirror.com/supports-preserve-symlinks-flag/-/supports-preserve-symlinks-flag-1.0.0.tgz#6eda4bd344a3c94aea376d4cc31bc77311039e09"
  integrity sha512-ot0WnXS9fgdkgIcePe6RHNk1WA8+muPa6cSjeR3V8K27q9BB1rTE3R1p7Hv0z1ZyAc8s6Vvv8DIyWf681MAt0w==

three@^0.140.0:
  version "0.140.0"
  resolved "https://registry.npmmirror.com/three/-/three-0.140.0.tgz#5ad85df954c63015337a846134e0daa6c7c0dead"
  integrity sha512-jcHjbnYspPLDdsDQChmzyAoZ5KhJbgFk6pNGlAIc9fQMvsfPGjF5H9glrngqvb2CR/qXcClMyp5PYdF996lldA==

vite-plugin-top-level-await@^0.0.4:
  version "0.0.4"
  resolved "https://registry.npmmirror.com/vite-plugin-top-level-await/-/vite-plugin-top-level-await-0.0.4.tgz#dd649679b4bee01d51f4d9f668e3f2b4227a5234"
  integrity sha512-mnWjvO+G0LxyZ8PyjJ7R3mWSGJGJy1EoHTiS5G84Sy3dBW4SJTa+zjWBlMrRn57RhRYVekA2dZ9zVzlAwcRAbw==
  dependencies:
    "@swc/core" "^1.2.147"

vite@^2.9.6:
  version "2.9.6"
  resolved "https://registry.npmmirror.com/vite/-/vite-2.9.6.tgz#29f1b33193b0de9e155d67ba0dd097501c3c3281"
  integrity sha512-3IffdrByHW95Yjv0a13TQOQfJs7L5dVlSPuTt432XLbRMriWbThqJN2k/IS6kXn5WY4xBLhK9XoaWay1B8VzUw==
  dependencies:
    esbuild "^0.14.27"
    postcss "^8.4.12"
    resolve "^1.22.0"
    rollup "^2.59.0"
  optionalDependencies:
    fsevents "~2.3.2"
